
Microsoft Visual Studio Solution File, Format Version 12.00
# Visual Studio Version 17
VisualStudioVersion = 17.7.34031.279
MinimumVisualStudioVersion = 10.0.40219.1
Project("{FAE04EC0-301F-11D3-BF4B-00C04F79EFBC}") = "Leetcode", "ConsoleApp1\Leetcode.csproj", "{DAB8A063-46B7-432D-A4CE-4077F6182A6A}"
EndProject
Global
	GlobalSection(SolutionConfigurationPlatforms) = preSolution
		Debug|Any CPU = Debug|Any CPU
		Release|Any CPU = Release|Any CPU
	EndGlobalSection
	GlobalSection(ProjectConfigurationPlatforms) = postSolution
		{DAB8A063-46B7-432D-A4CE-4077F6182A6A}.Debug|Any CPU.ActiveCfg = Debug|Any CPU
		{DAB8A063-46B7-432D-A4CE-4077F6182A6A}.Debug|Any CPU.Build.0 = Debug|Any CPU
		{DAB8A063-46B7-432D-A4CE-4077F6182A6A}.Release|Any CPU.ActiveCfg = Release|Any CPU
		{DAB8A063-46B7-432D-A4CE-4077F6182A6A}.Release|Any CPU.Build.0 = Release|Any CPU
	EndGlobalSection
	GlobalSection(SolutionProperties) = preSolution
		HideSolutionNode = FALSE
	EndGlobalSection
	GlobalSection(ExtensibilityGlobals) = postSolution
		SolutionGuid = {2A78F9BE-C264-4D29-BEDF-59B5677CAA12}
	EndGlobalSection
EndGlobal
